// !$*UTF8*$!
{
	archiveVersion = 1;
	classes = {
	};
	objectVersion = 46;
	objects = {

/* Begin PBXBuildFile section */
		85C5F0E01CF6689000B409A3 /* ResultViewController.swift in Sources */ = {isa = PBXBuildFile; fileRef = 85C5F0DF1CF6689000B409A3 /* ResultViewController.swift */; };
		85C5F0E21CF6B6E300B409A3 /* 2015026.plist in Resources */ = {isa = PBXBuildFile; fileRef = 85C5F0E11CF6B6E300B409A3 /* 2015026.plist */; };
		85F44A531CF64436003E372E /* AppDelegate.swift in Sources */ = {isa = PBXBuildFile; fileRef = 85F44A521CF64436003E372E /* AppDelegate.swift */; };
		85F44A551CF64436003E372E /* ViewController.swift in Sources */ = {isa = PBXBuildFile; fileRef = 85F44A541CF64436003E372E /* ViewController.swift */; };
		85F44A581CF64436003E372E /* Main.storyboard in Resources */ = {isa = PBXBuildFile; fileRef = 85F44A561CF64436003E372E /* Main.storyboard */; };
		85F44A5A1CF64436003E372E /* Assets.xcassets in Resources */ = {isa = PBXBuildFile; fileRef = 85F44A591CF64436003E372E /* Assets.xcassets */; };
		85F44A5D1CF64436003E372E /* LaunchScreen.storyboard in Resources */ = {isa = PBXBuildFile; fileRef = 85F44A5B1CF64436003E372E /* LaunchScreen.storyboard */; };
		85F44A651CF65E7B003E372E /* mocmoc.jpg in Resources */ = {isa = PBXBuildFile; fileRef = 85F44A641CF65E7B003E372E /* mocmoc.jpg */; };
/* End PBXBuildFile section */

/* Begin PBXFileReference section */
		85C5F0DF1CF6689000B409A3 /* ResultViewController.swift */ = {isa = PBXFileReference; fileEncoding = 4; lastKnownFileType = sourcecode.swift; path = ResultViewController.swift; sourceTree = "<group>"; };
		85C5F0E11CF6B6E300B409A3 /* 2015026.plist */ = {isa = PBXFileReference; fileEncoding = 4; lastKnownFileType = text.plist.xml; path = 2015026.plist; sourceTree = "<group>"; };
		85F44A4F1CF64436003E372E /* tarotApp.app */ = {isa = PBXFileReference; explicitFileType = wrapper.application; includeInIndex = 0; path = tarotApp.app; sourceTree = BUILT_PRODUCTS_DIR; };
		85F44A521CF64436003E372E /* AppDelegate.swift */ = {isa = PBXFileReference; lastKnownFileType = sourcecode.swift; path = AppDelegate.swift; sourceTree = "<group>"; };
		85F44A541CF64436003E372E /* ViewController.swift */ = {isa = PBXFileReference; lastKnownFileType = sourcecode.swift; path = ViewController.swift; sourceTree = "<group>"; };
		85F44A571CF64436003E372E /* Base */ = {isa = PBXFileReference; lastKnownFileType = file.storyboard; name = Base; path = Base.lproj/Main.storyboard; sourceTree = "<group>"; };
		85F44A591CF64436003E372E /* Assets.xcassets */ = {isa = PBXFileReference; lastKnownFileType = folder.assetcatalog; path = Assets.xcassets; sourceTree = "<group>"; };
		85F44A5C1CF64436003E372E /* Base */ = {isa = PBXFileReference; lastKnownFileType = file.storyboard; name = Base; path = Base.lproj/LaunchScreen.storyboard; sourceTree = "<group>"; };
		85F44A5E1CF64436003E372E /* Info.plist */ = {isa = PBXFileReference; lastKnownFileType = text.plist.xml; path = Info.plist; sourceTree = "<group>"; };
		85F44A641CF65E7B003E372E /* mocmoc.jpg */ = {isa = PBXFileReference; lastKnownFileType = image.jpeg; path = mocmoc.jpg; sourceTree = "<group>"; };
/* End PBXFileReference section */

/* Begin PBXFrameworksBuildPhase section */
		85F44A4C1CF64436003E372E /* Frameworks */ = {
			isa = PBXFrameworksBuildPhase;
			buildActionMask = 2147483647;
			files = (
			);
			runOnlyForDeploymentPostprocessing = 0;
		};
/* End PBXFrameworksBuildPhase section */

/* Begin PBXGroup section */
		85F44A461CF64436003E372E = {
			isa = PBXGroup;
			children = (
				85F44A511CF64436003E372E /* tarotApp */,
				85F44A501CF64436003E372E /* Products */,
			);
			sourceTree = "<group>";
		};
		85F44A501CF64436003E372E /* Products */ = {
			isa = PBXGroup;
			children = (
				85F44A4F1CF64436003E372E /* tarotApp.app */,
			);
			name = Products;
			sourceTree = "<group>";
		};
		85F44A511CF64436003E372E /* tarotApp */ = {
			isa = PBXGroup;
			children = (
				85C5F0E11CF6B6E300B409A3 /* 2015026.plist */,
				85F44A521CF64436003E372E /* AppDelegate.swift */,
				85F44A641CF65E7B003E372E /* mocmoc.jpg */,
				85F44A541CF64436003E372E /* ViewController.swift */,
				85F44A561CF64436003E372E /* Main.storyboard */,
				85C5F0DF1CF6689000B409A3 /* ResultViewController.swift */,
				85F44A591CF64436003E372E /* Assets.xcassets */,
				85F44A5B1CF64436003E372E /* LaunchScreen.storyboard */,
				85F44A5E1CF64436003E372E /* Info.plist */,
			);
			path = tarotApp;
			sourceTree = "<group>";
		};
/* End PBXGroup section */

/* Begin PBXNativeTarget section */
		85F44A4E1CF64436003E372E /* tarotApp */ = {
			isa = PBXNativeTarget;
			buildConfigurationList = 85F44A611CF64436003E372E /* Build configuration list for PBXNativeTarget "tarotApp" */;
			buildPhases = (
				85F44A4B1CF64436003E372E /* Sources */,
				85F44A4C1CF64436003E372E /* Frameworks */,
				85F44A4D1CF64436003E372E /* Resources */,
			);
			buildRules = (
			);
			dependencies = (
			);
			name = tarotApp;
			productName = tarotApp;
			productReference = 85F44A4F1CF64436003E372E /* tarotApp.app */;
			productType = "com.apple.product-type.application";
		};
/* End PBXNativeTarget section */

/* Begin PBXProject section */
		85F44A471CF64436003E372E /* Project object */ = {
			isa = PBXProject;
			attributes = {
				LastSwiftUpdateCheck = 0730;
				LastUpgradeCheck = 0730;
				ORGANIZATIONNAME = nobue.nagai;
				TargetAttributes = {
					85F44A4E1CF64436003E372E = {
						CreatedOnToolsVersion = 7.3;
						DevelopmentTeam = 6PGLSJUN3W;
					};
				};
			};
			buildConfigurationList = 85F44A4A1CF64436003E372E /* Build configuration list for PBXProject "tarotApp" */;
			compatibilityVersion = "Xcode 3.2";
			developmentRegion = English;
			hasScannedForEncodings = 0;
			knownRegions = (
				en,
				Base,
			);
			mainGroup = 85F44A461CF64436003E372E;
			productRefGroup = 85F44A501CF64436003E372E /* Products */;
			projectDirPath = "";
			projectRoot = "";
			targets = (
				85F44A4E1CF64436003E372E /* tarotApp */,
			);
		};
/* End PBXProject section */

/* Begin PBXResourcesBuildPhase section */
		85F44A4D1CF64436003E372E /* Resources */ = {
			isa = PBXResourcesBuildPhase;
			buildActionMask = 2147483647;
			files = (
				85F44A5D1CF64436003E372E /* LaunchScreen.storyboard in Resources */,
				85F44A5A1CF64436003E372E /* Assets.xcassets in Resources */,
				85F44A581CF64436003E372E /* Main.storyboard in Resources */,
				85F44A651CF65E7B003E372E /* mocmoc.jpg in Resources */,
				85C5F0E21CF6B6E300B409A3 /* 2015026.plist in Resources */,
			);
			runOnlyForDeploymentPostprocessing = 0;
		};
/* End PBXResourcesBuildPhase section */

/* Begin PBXSourcesBuildPhase section */
		85F44A4B1CF64436003E372E /* Sources */ = {
			isa = PBXSourcesBuildPhase;
			buildActionMask = 2147483647;
			files = (
				85F44A551CF64436003E372E /* ViewController.swift in Sources */,
				85F44A531CF64436003E372E /* AppDelegate.swift in Sources */,
				85C5F0E01CF6689000B409A3 /* ResultViewController.swift in Sources */,
			);
			runOnlyForDeploymentPostprocessing = 0;
		};
/* End PBXSourcesBuildPhase section */

/* Begin PBXVariantGroup section */
		85F44A561CF64436003E372E /* Main.storyboard */ = {
			isa = PBXVariantGroup;
			children = (
				85F44A571CF64436003E372E /* Base */,
			);
			name = Main.storyboard;
			sourceTree = "<group>";
		};
		85F44A5B1CF64436003E372E /* LaunchScreen.storyboard */ = {
			isa = PBXVariantGroup;
			children = (
				85F44A5C1CF64436003E372E /* Base */,
			);
			name = LaunchScreen.storyboard;
			sourceTree = "<group>";
		};
/* End PBXVariantGroup section */

/* Begin XCBuildConfiguration section */
		85F44A5F1CF64436003E372E /* Debug */ = {
			isa = XCBuildConfiguration;
			buildSettings = {
				ALWAYS_SEARCH_USER_PATHS = NO;
				CLANG_ANALYZER_NONNULL = YES;
				CLANG_CXX_LANGUAGE_STANDARD = "gnu++0x";
				CLANG_CXX_LIBRARY = "libc++";
				CLANG_ENABLE_MODULES = YES;
				CLANG_ENABLE_OBJC_ARC = YES;
				CLANG_WARN_BOOL_CONVERSION = YES;
				CLANG_WARN_CONSTANT_CONVERSION = YES;
				CLANG_WARN_DIRECT_OBJC_ISA_USAGE = YES_ERROR;
				CLANG_WARN_EMPTY_BODY = YES;
				CLANG_WARN_ENUM_CONVERSION = YES;
				CLANG_WARN_INT_CONVERSION = YES;
				CLANG_WARN_OBJC_ROOT_CLASS = YES_ERROR;
				CLANG_WARN_UNREACHABLE_CODE = YES;
				CLANG_WARN__DUPLICATE_METHOD_MATCH = YES;
				"CODE_SIGN_IDENTITY[sdk=iphoneos*]" = "iPhone Developer";
				COPY_PHASE_STRIP = NO;
				DEBUG_INFORMATION_FORMAT = dwarf;
				ENABLE_STRICT_OBJC_MSGSEND = YES;
				ENABLE_TESTABILITY = YES;
				GCC_C_LANGUAGE_STANDARD = gnu99;
				GCC_DYNAMIC_NO_PIC = NO;
				GCC_NO_COMMON_BLOCKS = YES;
				GCC_OPTIMIZATION_LEVEL = 0;
				GCC_PREPROCESSOR_DEFINITIONS = (
					"DEBUG=1",
					"$(inherited)",
				);
				GCC_WARN_64_TO_32_BIT_CONVERSION = YES;
				GCC_WARN_ABOUT_RETURN_TYPE = YES_ERROR;
				GCC_WARN_UNDECLARED_SELECTOR = YES;
				GCC_WARN_UNINITIALIZED_AUTOS = YES_AGGRESSIVE;
				GCC_WARN_UNUSED_FUNCTION = YES;
				GCC_WARN_UNUSED_VARIABLE = YES;
				IPHONEOS_DEPLOYMENT_TARGET = 9.3;
				MTL_ENABLE_DEBUG_INFO = YES;
				ONLY_ACTIVE_ARCH = YES;
				SDKROOT = iphoneos;
				SWIFT_OPTIMIZATION_LEVEL = "-Onone";
			};
			name = Debug;
		};
		85F44A601CF64436003E372E /* Release */ = {
			isa = XCBuildConfiguration;
			buildSettings = {
				ALWAYS_SEARCH_USER_PATHS = NO;
				CLANG_ANALYZER_NONNULL = YES;
				CLANG_CXX_LANGUAGE_STANDARD = "gnu++0x";
				CLANG_CXX_LIBRARY = "libc++";
				CLANG_ENABLE_MODULES = YES;
				CLANG_ENABLE_OBJC_ARC = YES;
				CLANG_WARN_BOOL_CONVERSION = YES;
				CLANG_WARN_CONSTANT_CONVERSION = YES;
				CLANG_WARN_DIRECT_OBJC_ISA_USAGE = YES_ERROR;
				CLANG_WARN_EMPTY_BODY = YES;
				CLANG_WARN_ENUM_CONVERSION = YES;
				CLANG_WARN_INT_CONVERSION = YES;
				CLANG_WARN_OBJC_ROOT_CLASS = YES_ERROR;
				CLANG_WARN_UNREACHABLE_CODE = YES;
				CLANG_WARN__DUPLICATE_METHOD_MATCH = YES;
				"CODE_SIGN_IDENTITY[sdk=iphoneos*]" = "iPhone Developer";
				COPY_PHASE_STRIP = NO;
				DEBUG_INFORMATION_FORMAT = "dwarf-with-dsym";
				ENABLE_NS_ASSERTIONS = NO;
				ENABLE_STRICT_OBJC_MSGSEND = YES;
				GCC_C_LANGUAGE_STANDARD = gnu99;
				GCC_NO_COMMON_BLOCKS = YES;
				GCC_WARN_64_TO_32_BIT_CONVERSION = YES;
				GCC_WARN_ABOUT_RETURN_TYPE = YES_ERROR;
				GCC_WARN_UNDECLARED_SELECTOR = YES;
				GCC_WARN_UNINITIALIZED_AUTOS = YES_AGGRESSIVE;
				GCC_WARN_UNUSED_FUNCTION = YES;
				GCC_WARN_UNUSED_VARIABLE = YES;
				IPHONEOS_DEPLOYMENT_TARGET = 9.3;
				MTL_ENABLE_DEBUG_INFO = NO;
				SDKROOT = iphoneos;
				VALIDATE_PRODUCT = YES;
			};
			name = Release;
		};
		85F44A621CF64436003E372E /* Debug */ = {
			isa = XCBuildConfiguration;
			buildSettings = {
				ASSETCATALOG_COMPILER_APPICON_NAME = AppIcon;
				INFOPLIST_FILE = tarotApp/Info.plist;
				LD_RUNPATH_SEARCH_PATHS = "$(inherited) @executable_path/Frameworks";
				PRODUCT_BUNDLE_IDENTIFIER = jp.techacademy.nobue.nagai.tarotApp;
				PRODUCT_NAME = "$(TARGET_NAME)";
			};
			name = Debug;
		};
		85F44A631CF64436003E372E /* Release */ = {
			isa = XCBuildConfiguration;
			buildSettings = {
				ASSETCATALOG_COMPILER_APPICON_NAME = AppIcon;
				INFOPLIST_FILE = tarotApp/Info.plist;
				LD_RUNPATH_SEARCH_PATHS = "$(inherited) @executable_path/Frameworks";
				PRODUCT_BUNDLE_IDENTIFIER = jp.techacademy.nobue.nagai.tarotApp;
				PRODUCT_NAME = "$(TARGET_NAME)";
			};
			name = Release;
		};
/* End XCBuildConfiguration section */

/* Begin XCConfigurationList section */
		85F44A4A1CF64436003E372E /* Build configuration list for PBXProject "tarotApp" */ = {
			isa = XCConfigurationList;
			buildConfigurations = (
				85F44A5F1CF64436003E372E /* Debug */,
				85F44A601CF64436003E372E /* Release */,
			);
			defaultConfigurationIsVisible = 0;
			defaultConfigurationName = Release;
		};
		85F44A611CF64436003E372E /* Build configuration list for PBXNativeTarget "tarotApp" */ = {
			isa = XCConfigurationList;
			buildConfigurations = (
				85F44A621CF64436003E372E /* Debug */,
				85F44A631CF64436003E372E /* Release */,
			);
			defaultConfigurationIsVisible = 0;
			defaultConfigurationName = Release;
		};
/* End XCConfigurationList section */
	};
	rootObject = 85F44A471CF64436003E372E /* Project object */;
}
